Microsoft Visual Studio Solution File, Format Version 12.00
# Visual Studio Version 17
VisualStudioVersion = 17.5.2.0
MinimumVisualStudioVersion = 10.0.40219.1
Project("{FAE04EC0-301F-11D3-BF4B-00C04F79EFBC}") = "design-patterns-sandbox", "design-patterns-sandbox.csproj", "{A7B300CC-CBA0-0636-9158-62B74526595D}"
EndProject
Global
	GlobalSection(SolutionConfigurationPlatforms) = preSolution
		Debug|Any CPU = Debug|Any CPU
		Release|Any CPU = Release|Any CPU
	EndGlobalSection
	GlobalSection(ProjectConfigurationPlatforms) = postSolution
		{A7B300CC-CBA0-0636-9158-62B74526595D}.Debug|Any CPU.ActiveCfg = Debug|Any CPU
		{A7B300CC-CBA0-0636-9158-62B74526595D}.Debug|Any CPU.Build.0 = Debug|Any CPU
		{A7B300CC-CBA0-0636-9158-62B74526595D}.Release|Any CPU.ActiveCfg = Release|Any CPU
		{A7B300CC-CBA0-0636-9158-62B74526595D}.Release|Any CPU.Build.0 = Release|Any CPU
	EndGlobalSection
	GlobalSection(SolutionProperties) = preSolution
		HideSolutionNode = FALSE
	EndGlobalSection
	GlobalSection(ExtensibilityGlobals) = postSolution
		SolutionGuid = {42319BAE-F614-4DAD-AA74-1D3AA1F73D6F}
	EndGlobalSection
EndGlobal
